
Microsoft Visual Studio Solution File, Format Version 12.00
# Visual Studio Version 16
VisualStudioVersion = 16.0.28803.452
MinimumVisualStudioVersion = 10.0.40219.1
Project("{9A19103F-16F7-4668-BE54-9A1E7A4F7556}") = "LoyaltyProgram.Tests", "LoyaltyProgram.Tests\LoyaltyProgram.Tests.csproj", "{BE251D4D-86B1-4FE7-A895-7FCD2EC1AAE5}"
EndProject
Project("{FAE04EC0-301F-11D3-BF4B-00C04F79EFBC}") = "LoayaltyProgram.Availability.AppInsights", "LoayaltyProgram.Availability.AppInsights\LoayaltyProgram.Availability.AppInsights.csproj", "{36975117-9F97-4EF2-90CA-E195A67F7E26}"
EndProject
Project("{9A19103F-16F7-4668-BE54-9A1E7A4F7556}") = "LoyaltyProgram", "..\LoyaltyProgram\LoyaltyProgram.csproj", "{8444781A-E249-4469-A37D-140E8AFAFC71}"
EndProject
Global
	GlobalSection(SolutionConfigurationPlatforms) = preSolution
		Debug|Any CPU = Debug|Any CPU
		Release|Any CPU = Release|Any CPU
	EndGlobalSection
	GlobalSection(ProjectConfigurationPlatforms) = postSolution
		{BE251D4D-86B1-4FE7-A895-7FCD2EC1AAE5}.Debug|Any CPU.ActiveCfg = Debug|Any CPU
		{BE251D4D-86B1-4FE7-A895-7FCD2EC1AAE5}.Debug|Any CPU.Build.0 = Debug|Any CPU
		{BE251D4D-86B1-4FE7-A895-7FCD2EC1AAE5}.Release|Any CPU.ActiveCfg = Release|Any CPU
		{BE251D4D-86B1-4FE7-A895-7FCD2EC1AAE5}.Release|Any CPU.Build.0 = Release|Any CPU
		{36975117-9F97-4EF2-90CA-E195A67F7E26}.Debug|Any CPU.ActiveCfg = Debug|Any CPU
		{36975117-9F97-4EF2-90CA-E195A67F7E26}.Debug|Any CPU.Build.0 = Debug|Any CPU
		{36975117-9F97-4EF2-90CA-E195A67F7E26}.Release|Any CPU.ActiveCfg = Release|Any CPU
		{36975117-9F97-4EF2-90CA-E195A67F7E26}.Release|Any CPU.Build.0 = Release|Any CPU
		{8444781A-E249-4469-A37D-140E8AFAFC71}.Debug|Any CPU.ActiveCfg = Debug|Any CPU
		{8444781A-E249-4469-A37D-140E8AFAFC71}.Debug|Any CPU.Build.0 = Debug|Any CPU
		{8444781A-E249-4469-A37D-140E8AFAFC71}.Release|Any CPU.ActiveCfg = Release|Any CPU
		{8444781A-E249-4469-A37D-140E8AFAFC71}.Release|Any CPU.Build.0 = Release|Any CPU
	EndGlobalSection
	GlobalSection(SolutionProperties) = preSolution
		HideSolutionNode = FALSE
	EndGlobalSection
	GlobalSection(ExtensibilityGlobals) = postSolution
		SolutionGuid = {8744D713-2ECC-4519-B65B-D665B34B7C6D}
	EndGlobalSection
EndGlobal
