
Microsoft Visual Studio Solution File, Format Version 12.00
# Visual Studio Version 16
VisualStudioVersion = 16.0.29806.167
MinimumVisualStudioVersion = 10.0.40219.1
Project("{9A19103F-16F7-4668-BE54-9A1E7A4F7556}") = "Loyalty.Shared.Contracts", "Loyalty.Shared.Contracts\Loyalty.Shared.Contracts.csproj", "{80B5605C-B4B6-46AE-83AE-976C45C79C64}"
EndProject
Project("{9A19103F-16F7-4668-BE54-9A1E7A4F7556}") = "Loyalty.Domain.Handlers.Notifications", "Loyalty.Domain.Handlers.Notifications\Loyalty.Domain.Handlers.Notifications.csproj", "{99A69768-E83D-44AC-ABDA-161B4AE69D9F}"
EndProject
Project("{9A19103F-16F7-4668-BE54-9A1E7A4F7556}") = "Loyalty.Client.Notifications", "Loyalty.Client.Notifications\Loyalty.Client.Notifications.csproj", "{356524A6-2F92-4B99-85F0-34D6783A301B}"
EndProject
Project("{9A19103F-16F7-4668-BE54-9A1E7A4F7556}") = "LoyaltyClient.Domain.Handlers.Notifications", "LoyaltyClient.Domain.Handlers.Notifications\LoyaltyClient.Domain.Handlers.Notifications.csproj", "{F9C8CC99-217C-4693-9881-FDACD43B39B1}"
EndProject
Global
	GlobalSection(SolutionConfigurationPlatforms) = preSolution
		Debug|Any CPU = Debug|Any CPU
		Release|Any CPU = Release|Any CPU
	EndGlobalSection
	GlobalSection(ProjectConfigurationPlatforms) = postSolution
		{80B5605C-B4B6-46AE-83AE-976C45C79C64}.Debug|Any CPU.ActiveCfg = Debug|Any CPU
		{80B5605C-B4B6-46AE-83AE-976C45C79C64}.Debug|Any CPU.Build.0 = Debug|Any CPU
		{80B5605C-B4B6-46AE-83AE-976C45C79C64}.Release|Any CPU.ActiveCfg = Release|Any CPU
		{80B5605C-B4B6-46AE-83AE-976C45C79C64}.Release|Any CPU.Build.0 = Release|Any CPU
		{99A69768-E83D-44AC-ABDA-161B4AE69D9F}.Debug|Any CPU.ActiveCfg = Debug|Any CPU
		{99A69768-E83D-44AC-ABDA-161B4AE69D9F}.Debug|Any CPU.Build.0 = Debug|Any CPU
		{99A69768-E83D-44AC-ABDA-161B4AE69D9F}.Release|Any CPU.ActiveCfg = Release|Any CPU
		{99A69768-E83D-44AC-ABDA-161B4AE69D9F}.Release|Any CPU.Build.0 = Release|Any CPU
		{356524A6-2F92-4B99-85F0-34D6783A301B}.Debug|Any CPU.ActiveCfg = Debug|Any CPU
		{356524A6-2F92-4B99-85F0-34D6783A301B}.Debug|Any CPU.Build.0 = Debug|Any CPU
		{356524A6-2F92-4B99-85F0-34D6783A301B}.Release|Any CPU.ActiveCfg = Release|Any CPU
		{356524A6-2F92-4B99-85F0-34D6783A301B}.Release|Any CPU.Build.0 = Release|Any CPU
		{F9C8CC99-217C-4693-9881-FDACD43B39B1}.Debug|Any CPU.ActiveCfg = Debug|Any CPU
		{F9C8CC99-217C-4693-9881-FDACD43B39B1}.Debug|Any CPU.Build.0 = Debug|Any CPU
		{F9C8CC99-217C-4693-9881-FDACD43B39B1}.Release|Any CPU.ActiveCfg = Release|Any CPU
		{F9C8CC99-217C-4693-9881-FDACD43B39B1}.Release|Any CPU.Build.0 = Release|Any CPU
	EndGlobalSection
	GlobalSection(SolutionProperties) = preSolution
		HideSolutionNode = FALSE
	EndGlobalSection
	GlobalSection(ExtensibilityGlobals) = postSolution
		SolutionGuid = {197D93E0-F3BF-42C6-A615-1E1893908BDC}
	EndGlobalSection
EndGlobal
