
Microsoft Visual Studio Solution File, Format Version 12.00
# Visual Studio Version 16
VisualStudioVersion = 16.0.28803.452
MinimumVisualStudioVersion = 10.0.40219.1
Project("{9A19103F-16F7-4668-BE54-9A1E7A4F7556}") = "LoyaltyProgram", "LoyaltyProgram\LoyaltyProgram.csproj", "{F825181E-F7A2-4559-B8F6-026FDCEC5C14}"
EndProject
Project("{2150E333-8FDC-42A3-9474-1A3956D46DE8}") = "0. Common", "0. Common", "{E6BC2A63-49C1-4102-8F88-9E674AA22DE6}"
EndProject
Project("{2150E333-8FDC-42A3-9474-1A3956D46DE8}") = "3. Application", "3. Application", "{51418814-5480-43C8-AD08-E748119E2545}"
EndProject
Project("{9A19103F-16F7-4668-BE54-9A1E7A4F7556}") = "Loyalty.Core.Contracts", "Loyalty.Core.Contracts\Loyalty.Core.Contracts.csproj", "{89579AD7-6BE3-4B4C-9EBE-4BB10D01646C}"
EndProject
Project("{9A19103F-16F7-4668-BE54-9A1E7A4F7556}") = "Loyalty.Core.Entities", "Loyalty.Core.Entities\Loyalty.Core.Entities.csproj", "{278E87C6-EE8E-41FF-AC04-61A29E69C855}"
EndProject
Project("{9A19103F-16F7-4668-BE54-9A1E7A4F7556}") = "Loyalty.Common.Shared", "Loyalty.Common.Shared\Loyalty.Common.Shared.csproj", "{F31ACEDD-E3E9-4A85-878A-9A9E2849D0CF}"
EndProject
Project("{9A19103F-16F7-4668-BE54-9A1E7A4F7556}") = "Loyalty.Application.ViewModels", "Loyalty.Application.ViewModels\Loyalty.Application.ViewModels.csproj", "{3D6E16AE-67C3-44F3-8E3C-7155BD5A18DE}"
EndProject
Project("{9A19103F-16F7-4668-BE54-9A1E7A4F7556}") = "Loyalty.Domain.Contracts", "Loyalty.Domain.Contracts\Loyalty.Domain.Contracts.csproj", "{479408DA-5CD9-478E-A232-E8B6FB0D1D3A}"
EndProject
Project("{9A19103F-16F7-4668-BE54-9A1E7A4F7556}") = "Loyalty.Infrastructure.Handlers", "Loyalty.Infrastructure.Handlers\Loyalty.Infrastructure.Handlers.csproj", "{047E2236-C49A-4160-A039-647DE14D6673}"
EndProject
Project("{9A19103F-16F7-4668-BE54-9A1E7A4F7556}") = "Loyalty.Application.Venue", "Loyalty.Application.Venue\Loyalty.Application.Venue.csproj", "{E812C9E2-C220-475A-A34E-FFA12177C9FB}"
EndProject
Project("{9A19103F-16F7-4668-BE54-9A1E7A4F7556}") = "Loyalty.Domain.Handlers.Queries", "Loyalty.Domain.Handlers.Queries\Loyalty.Domain.Handlers.Queries.csproj", "{BBA155DE-9CF5-4813-BD56-FBA5F5099F46}"
EndProject
Project("{9A19103F-16F7-4668-BE54-9A1E7A4F7556}") = "Loyalty.Infrastructure.DataAccess", "Loyalty.Infrastructure.DataAccess\Loyalty.Infrastructure.DataAccess.csproj", "{B609D99F-292A-4BE9-95A4-7FCE9F496FC8}"
EndProject
Project("{9A19103F-16F7-4668-BE54-9A1E7A4F7556}") = "Loyalty.Application.AutoMapper", "Loyalty.Application.AutoMapper\Loyalty.Application.AutoMapper.csproj", "{3C8E8066-702C-48FB-A1B5-54A8A3FCCB35}"
EndProject
Project("{2150E333-8FDC-42A3-9474-1A3956D46DE8}") = "1. Core", "1. Core", "{D458F396-0D6C-480E-B9E7-0286C993DFF0}"
EndProject
Project("{2150E333-8FDC-42A3-9474-1A3956D46DE8}") = "2. Domain", "2. Domain", "{2F0A21D6-7418-4ABB-BB67-33AE887342FF}"
EndProject
Project("{2150E333-8FDC-42A3-9474-1A3956D46DE8}") = "src", "src", "{9786CD59-7433-44BF-B81D-3645A2AEB011}"
EndProject
Project("{9A19103F-16F7-4668-BE54-9A1E7A4F7556}") = "Loyalty.Infrastructure.IoC", "Loyalty.Infrastructure.IoC\Loyalty.Infrastructure.IoC.csproj", "{72758DD9-0435-444A-9B65-8AD7C96BC026}"
EndProject
Project("{2150E333-8FDC-42A3-9474-1A3956D46DE8}") = "4. Infrastructure", "4. Infrastructure", "{35349DA7-5230-4D08-9994-E72E62557D0E}"
EndProject
Project("{2150E333-8FDC-42A3-9474-1A3956D46DE8}") = "Data", "Data", "{625747E0-E379-4F23-A26E-27DE0F40E206}"
EndProject
Project("{2150E333-8FDC-42A3-9474-1A3956D46DE8}") = "CrossCutting", "CrossCutting", "{B405EE67-7C0D-416D-AC7C-29A37E350528}"
EndProject
Project("{9A19103F-16F7-4668-BE54-9A1E7A4F7556}") = "Loyalty.Application.Storage.Dto", "Loyalty.Application.Storage.Dto\Loyalty.Application.Storage.Dto.csproj", "{5C01B690-3A2F-4BC3-8D51-B36D6658CC24}"
EndProject
Project("{2150E333-8FDC-42A3-9474-1A3956D46DE8}") = "Db", "Db", "{0C247FF1-9D9F-4141-A3D7-5E179ABDE186}"
EndProject
Project("{9A19103F-16F7-4668-BE54-9A1E7A4F7556}") = "Loyalty.Infrastructure.Handlers.Notifications", "Loyalty.Infrastructure.Handlers.Notifications\Loyalty.Infrastructure.Handlers.Notifications.csproj", "{6D9FF2F2-73C0-48FD-A3BF-66157E478FC9}"
EndProject
Project("{9A19103F-16F7-4668-BE54-9A1E7A4F7556}") = "Loyalty.Infrastructure.Firebase.Handlers", "Loyalty.Infrastructure.Firebase.Handlers\Loyalty.Infrastructure.Firebase.Handlers.csproj", "{925FCE26-1086-4099-9EFE-520F1864A657}"
EndProject
Project("{2150E333-8FDC-42A3-9474-1A3956D46DE8}") = "Firebase", "Firebase", "{A66F47EE-33CE-4A8A-B336-7CF75AB94665}"
EndProject
Project("{9A19103F-16F7-4668-BE54-9A1E7A4F7556}") = "Loyalty.Domain.Handlers.Firebase.Queries", "Loyalty.Domain.Handlers.Firebase.Queries\Loyalty.Domain.Handlers.Firebase.Queries.csproj", "{5AEB3301-DCF2-43B3-A447-24F4AF66F9FB}"
EndProject
Project("{9A19103F-16F7-4668-BE54-9A1E7A4F7556}") = "Loyalty.Application.DomainEvents.Handlers", "Loyalty.Application.DomainEvents.Handlers\Loyalty.Application.DomainEvents.Handlers.csproj", "{0E71AA3C-CBA3-4362-8807-BA02FD3E97FF}"
EndProject
Project("{9A19103F-16F7-4668-BE54-9A1E7A4F7556}") = "Loyalty.Infrastructure.Commands.Repository", "Loyalty.Infrastructure.Commands.Repository\Loyalty.Infrastructure.Commands.Repository.csproj", "{6F7DCF9D-A464-44BD-9DD1-4D941B5EB699}"
EndProject
Project("{9A19103F-16F7-4668-BE54-9A1E7A4F7556}") = "Loyalty.Infrastructure.Outbox", "Loyalty.Infrastructure.Outbox\Loyalty.Infrastructure.Outbox.csproj", "{07913EEC-587B-4D3C-8302-E917EA746B74}"
EndProject
Project("{9A19103F-16F7-4668-BE54-9A1E7A4F7556}") = "Loyalty.Infrastructure.Events.DataAccess", "Loyalty.Infrastructure.Events.DataAccess\Loyalty.Infrastructure.Events.DataAccess.csproj", "{663173CA-8481-4E3E-9A32-0AFAE94FF413}"
EndProject
Project("{9A19103F-16F7-4668-BE54-9A1E7A4F7556}") = "Loyalty.Core.Outbox.Entities", "Loyalty.Core.Outbox.Entities\Loyalty.Core.Outbox.Entities.csproj", "{B2DF84C6-4234-4ED4-878A-8A003CB87B80}"
EndProject
Project("{9A19103F-16F7-4668-BE54-9A1E7A4F7556}") = "Loyalty.Domain.Handlers.Notifications", "Loyalty.Domain.Handlers.Notifications\Loyalty.Domain.Handlers.Notifications.csproj", "{B3E55438-0F44-482D-ACE2-F526620B9197}"
EndProject
Project("{FAE04EC0-301F-11D3-BF4B-00C04F79EFBC}") = "Loyalty.Infrastructure.Handlers.Commands", "Loyalty.Infrastructure.Handlers.Commands\Loyalty.Infrastructure.Handlers.Commands.csproj", "{BF3413A4-0104-4C36-9B48-B0C22563D720}"
EndProject
Global
	GlobalSection(SolutionConfigurationPlatforms) = preSolution
		Debug|Any CPU = Debug|Any CPU
		Debug|x64 = Debug|x64
		Release|Any CPU = Release|Any CPU
		Release|x64 = Release|x64
	EndGlobalSection
	GlobalSection(ProjectConfigurationPlatforms) = postSolution
		{F825181E-F7A2-4559-B8F6-026FDCEC5C14}.Debug|Any CPU.ActiveCfg = Debug|Any CPU
		{F825181E-F7A2-4559-B8F6-026FDCEC5C14}.Debug|Any CPU.Build.0 = Debug|Any CPU
		{F825181E-F7A2-4559-B8F6-026FDCEC5C14}.Debug|x64.ActiveCfg = Debug|Any CPU
		{F825181E-F7A2-4559-B8F6-026FDCEC5C14}.Debug|x64.Build.0 = Debug|Any CPU
		{F825181E-F7A2-4559-B8F6-026FDCEC5C14}.Release|Any CPU.ActiveCfg = Release|Any CPU
		{F825181E-F7A2-4559-B8F6-026FDCEC5C14}.Release|Any CPU.Build.0 = Release|Any CPU
		{F825181E-F7A2-4559-B8F6-026FDCEC5C14}.Release|x64.ActiveCfg = Release|Any CPU
		{F825181E-F7A2-4559-B8F6-026FDCEC5C14}.Release|x64.Build.0 = Release|Any CPU
		{89579AD7-6BE3-4B4C-9EBE-4BB10D01646C}.Debug|Any CPU.ActiveCfg = Debug|Any CPU
		{89579AD7-6BE3-4B4C-9EBE-4BB10D01646C}.Debug|Any CPU.Build.0 = Debug|Any CPU
		{89579AD7-6BE3-4B4C-9EBE-4BB10D01646C}.Debug|x64.ActiveCfg = Debug|Any CPU
		{89579AD7-6BE3-4B4C-9EBE-4BB10D01646C}.Debug|x64.Build.0 = Debug|Any CPU
		{89579AD7-6BE3-4B4C-9EBE-4BB10D01646C}.Release|Any CPU.ActiveCfg = Release|Any CPU
		{89579AD7-6BE3-4B4C-9EBE-4BB10D01646C}.Release|Any CPU.Build.0 = Release|Any CPU
		{89579AD7-6BE3-4B4C-9EBE-4BB10D01646C}.Release|x64.ActiveCfg = Release|Any CPU
		{89579AD7-6BE3-4B4C-9EBE-4BB10D01646C}.Release|x64.Build.0 = Release|Any CPU
		{278E87C6-EE8E-41FF-AC04-61A29E69C855}.Debug|Any CPU.ActiveCfg = Debug|Any CPU
		{278E87C6-EE8E-41FF-AC04-61A29E69C855}.Debug|Any CPU.Build.0 = Debug|Any CPU
		{278E87C6-EE8E-41FF-AC04-61A29E69C855}.Debug|x64.ActiveCfg = Debug|Any CPU
		{278E87C6-EE8E-41FF-AC04-61A29E69C855}.Debug|x64.Build.0 = Debug|Any CPU
		{278E87C6-EE8E-41FF-AC04-61A29E69C855}.Release|Any CPU.ActiveCfg = Release|Any CPU
		{278E87C6-EE8E-41FF-AC04-61A29E69C855}.Release|Any CPU.Build.0 = Release|Any CPU
		{278E87C6-EE8E-41FF-AC04-61A29E69C855}.Release|x64.ActiveCfg = Release|Any CPU
		{278E87C6-EE8E-41FF-AC04-61A29E69C855}.Release|x64.Build.0 = Release|Any CPU
		{F31ACEDD-E3E9-4A85-878A-9A9E2849D0CF}.Debug|Any CPU.ActiveCfg = Debug|Any CPU
		{F31ACEDD-E3E9-4A85-878A-9A9E2849D0CF}.Debug|Any CPU.Build.0 = Debug|Any CPU
		{F31ACEDD-E3E9-4A85-878A-9A9E2849D0CF}.Debug|x64.ActiveCfg = Debug|Any CPU
		{F31ACEDD-E3E9-4A85-878A-9A9E2849D0CF}.Debug|x64.Build.0 = Debug|Any CPU
		{F31ACEDD-E3E9-4A85-878A-9A9E2849D0CF}.Release|Any CPU.ActiveCfg = Release|Any CPU
		{F31ACEDD-E3E9-4A85-878A-9A9E2849D0CF}.Release|Any CPU.Build.0 = Release|Any CPU
		{F31ACEDD-E3E9-4A85-878A-9A9E2849D0CF}.Release|x64.ActiveCfg = Release|Any CPU
		{F31ACEDD-E3E9-4A85-878A-9A9E2849D0CF}.Release|x64.Build.0 = Release|Any CPU
		{3D6E16AE-67C3-44F3-8E3C-7155BD5A18DE}.Debug|Any CPU.ActiveCfg = Debug|Any CPU
		{3D6E16AE-67C3-44F3-8E3C-7155BD5A18DE}.Debug|Any CPU.Build.0 = Debug|Any CPU
		{3D6E16AE-67C3-44F3-8E3C-7155BD5A18DE}.Debug|x64.ActiveCfg = Debug|Any CPU
		{3D6E16AE-67C3-44F3-8E3C-7155BD5A18DE}.Debug|x64.Build.0 = Debug|Any CPU
		{3D6E16AE-67C3-44F3-8E3C-7155BD5A18DE}.Release|Any CPU.ActiveCfg = Release|Any CPU
		{3D6E16AE-67C3-44F3-8E3C-7155BD5A18DE}.Release|Any CPU.Build.0 = Release|Any CPU
		{3D6E16AE-67C3-44F3-8E3C-7155BD5A18DE}.Release|x64.ActiveCfg = Release|Any CPU
		{3D6E16AE-67C3-44F3-8E3C-7155BD5A18DE}.Release|x64.Build.0 = Release|Any CPU
		{479408DA-5CD9-478E-A232-E8B6FB0D1D3A}.Debug|Any CPU.ActiveCfg = Debug|Any CPU
		{479408DA-5CD9-478E-A232-E8B6FB0D1D3A}.Debug|Any CPU.Build.0 = Debug|Any CPU
		{479408DA-5CD9-478E-A232-E8B6FB0D1D3A}.Debug|x64.ActiveCfg = Debug|Any CPU
		{479408DA-5CD9-478E-A232-E8B6FB0D1D3A}.Debug|x64.Build.0 = Debug|Any CPU
		{479408DA-5CD9-478E-A232-E8B6FB0D1D3A}.Release|Any CPU.ActiveCfg = Release|Any CPU
		{479408DA-5CD9-478E-A232-E8B6FB0D1D3A}.Release|Any CPU.Build.0 = Release|Any CPU
		{479408DA-5CD9-478E-A232-E8B6FB0D1D3A}.Release|x64.ActiveCfg = Release|Any CPU
		{479408DA-5CD9-478E-A232-E8B6FB0D1D3A}.Release|x64.Build.0 = Release|Any CPU
		{047E2236-C49A-4160-A039-647DE14D6673}.Debug|Any CPU.ActiveCfg = Debug|Any CPU
		{047E2236-C49A-4160-A039-647DE14D6673}.Debug|Any CPU.Build.0 = Debug|Any CPU
		{047E2236-C49A-4160-A039-647DE14D6673}.Debug|x64.ActiveCfg = Debug|Any CPU
		{047E2236-C49A-4160-A039-647DE14D6673}.Debug|x64.Build.0 = Debug|Any CPU
		{047E2236-C49A-4160-A039-647DE14D6673}.Release|Any CPU.ActiveCfg = Release|Any CPU
		{047E2236-C49A-4160-A039-647DE14D6673}.Release|Any CPU.Build.0 = Release|Any CPU
		{047E2236-C49A-4160-A039-647DE14D6673}.Release|x64.ActiveCfg = Release|Any CPU
		{047E2236-C49A-4160-A039-647DE14D6673}.Release|x64.Build.0 = Release|Any CPU
		{E812C9E2-C220-475A-A34E-FFA12177C9FB}.Debug|Any CPU.ActiveCfg = Debug|Any CPU
		{E812C9E2-C220-475A-A34E-FFA12177C9FB}.Debug|Any CPU.Build.0 = Debug|Any CPU
		{E812C9E2-C220-475A-A34E-FFA12177C9FB}.Debug|x64.ActiveCfg = Debug|Any CPU
		{E812C9E2-C220-475A-A34E-FFA12177C9FB}.Debug|x64.Build.0 = Debug|Any CPU
		{E812C9E2-C220-475A-A34E-FFA12177C9FB}.Release|Any CPU.ActiveCfg = Release|Any CPU
		{E812C9E2-C220-475A-A34E-FFA12177C9FB}.Release|Any CPU.Build.0 = Release|Any CPU
		{E812C9E2-C220-475A-A34E-FFA12177C9FB}.Release|x64.ActiveCfg = Release|Any CPU
		{E812C9E2-C220-475A-A34E-FFA12177C9FB}.Release|x64.Build.0 = Release|Any CPU
		{BBA155DE-9CF5-4813-BD56-FBA5F5099F46}.Debug|Any CPU.ActiveCfg = Debug|Any CPU
		{BBA155DE-9CF5-4813-BD56-FBA5F5099F46}.Debug|Any CPU.Build.0 = Debug|Any CPU
		{BBA155DE-9CF5-4813-BD56-FBA5F5099F46}.Debug|x64.ActiveCfg = Debug|Any CPU
		{BBA155DE-9CF5-4813-BD56-FBA5F5099F46}.Debug|x64.Build.0 = Debug|Any CPU
		{BBA155DE-9CF5-4813-BD56-FBA5F5099F46}.Release|Any CPU.ActiveCfg = Release|Any CPU
		{BBA155DE-9CF5-4813-BD56-FBA5F5099F46}.Release|Any CPU.Build.0 = Release|Any CPU
		{BBA155DE-9CF5-4813-BD56-FBA5F5099F46}.Release|x64.ActiveCfg = Release|Any CPU
		{BBA155DE-9CF5-4813-BD56-FBA5F5099F46}.Release|x64.Build.0 = Release|Any CPU
		{B609D99F-292A-4BE9-95A4-7FCE9F496FC8}.Debug|Any CPU.ActiveCfg = Debug|Any CPU
		{B609D99F-292A-4BE9-95A4-7FCE9F496FC8}.Debug|Any CPU.Build.0 = Debug|Any CPU
		{B609D99F-292A-4BE9-95A4-7FCE9F496FC8}.Debug|x64.ActiveCfg = Debug|Any CPU
		{B609D99F-292A-4BE9-95A4-7FCE9F496FC8}.Debug|x64.Build.0 = Debug|Any CPU
		{B609D99F-292A-4BE9-95A4-7FCE9F496FC8}.Release|Any CPU.ActiveCfg = Release|Any CPU
		{B609D99F-292A-4BE9-95A4-7FCE9F496FC8}.Release|Any CPU.Build.0 = Release|Any CPU
		{B609D99F-292A-4BE9-95A4-7FCE9F496FC8}.Release|x64.ActiveCfg = Release|Any CPU
		{B609D99F-292A-4BE9-95A4-7FCE9F496FC8}.Release|x64.Build.0 = Release|Any CPU
		{3C8E8066-702C-48FB-A1B5-54A8A3FCCB35}.Debug|Any CPU.ActiveCfg = Debug|Any CPU
		{3C8E8066-702C-48FB-A1B5-54A8A3FCCB35}.Debug|Any CPU.Build.0 = Debug|Any CPU
		{3C8E8066-702C-48FB-A1B5-54A8A3FCCB35}.Debug|x64.ActiveCfg = Debug|Any CPU
		{3C8E8066-702C-48FB-A1B5-54A8A3FCCB35}.Debug|x64.Build.0 = Debug|Any CPU
		{3C8E8066-702C-48FB-A1B5-54A8A3FCCB35}.Release|Any CPU.ActiveCfg = Release|Any CPU
		{3C8E8066-702C-48FB-A1B5-54A8A3FCCB35}.Release|Any CPU.Build.0 = Release|Any CPU
		{3C8E8066-702C-48FB-A1B5-54A8A3FCCB35}.Release|x64.ActiveCfg = Release|Any CPU
		{3C8E8066-702C-48FB-A1B5-54A8A3FCCB35}.Release|x64.Build.0 = Release|Any CPU
		{72758DD9-0435-444A-9B65-8AD7C96BC026}.Debug|Any CPU.ActiveCfg = Debug|Any CPU
		{72758DD9-0435-444A-9B65-8AD7C96BC026}.Debug|Any CPU.Build.0 = Debug|Any CPU
		{72758DD9-0435-444A-9B65-8AD7C96BC026}.Debug|x64.ActiveCfg = Debug|Any CPU
		{72758DD9-0435-444A-9B65-8AD7C96BC026}.Debug|x64.Build.0 = Debug|Any CPU
		{72758DD9-0435-444A-9B65-8AD7C96BC026}.Release|Any CPU.ActiveCfg = Release|Any CPU
		{72758DD9-0435-444A-9B65-8AD7C96BC026}.Release|Any CPU.Build.0 = Release|Any CPU
		{72758DD9-0435-444A-9B65-8AD7C96BC026}.Release|x64.ActiveCfg = Release|Any CPU
		{72758DD9-0435-444A-9B65-8AD7C96BC026}.Release|x64.Build.0 = Release|Any CPU
		{5C01B690-3A2F-4BC3-8D51-B36D6658CC24}.Debug|Any CPU.ActiveCfg = Debug|Any CPU
		{5C01B690-3A2F-4BC3-8D51-B36D6658CC24}.Debug|Any CPU.Build.0 = Debug|Any CPU
		{5C01B690-3A2F-4BC3-8D51-B36D6658CC24}.Debug|x64.ActiveCfg = Debug|Any CPU
		{5C01B690-3A2F-4BC3-8D51-B36D6658CC24}.Debug|x64.Build.0 = Debug|Any CPU
		{5C01B690-3A2F-4BC3-8D51-B36D6658CC24}.Release|Any CPU.ActiveCfg = Release|Any CPU
		{5C01B690-3A2F-4BC3-8D51-B36D6658CC24}.Release|Any CPU.Build.0 = Release|Any CPU
		{5C01B690-3A2F-4BC3-8D51-B36D6658CC24}.Release|x64.ActiveCfg = Release|Any CPU
		{5C01B690-3A2F-4BC3-8D51-B36D6658CC24}.Release|x64.Build.0 = Release|Any CPU
		{6D9FF2F2-73C0-48FD-A3BF-66157E478FC9}.Debug|Any CPU.ActiveCfg = Debug|Any CPU
		{6D9FF2F2-73C0-48FD-A3BF-66157E478FC9}.Debug|Any CPU.Build.0 = Debug|Any CPU
		{6D9FF2F2-73C0-48FD-A3BF-66157E478FC9}.Debug|x64.ActiveCfg = Debug|Any CPU
		{6D9FF2F2-73C0-48FD-A3BF-66157E478FC9}.Debug|x64.Build.0 = Debug|Any CPU
		{6D9FF2F2-73C0-48FD-A3BF-66157E478FC9}.Release|Any CPU.ActiveCfg = Release|Any CPU
		{6D9FF2F2-73C0-48FD-A3BF-66157E478FC9}.Release|Any CPU.Build.0 = Release|Any CPU
		{6D9FF2F2-73C0-48FD-A3BF-66157E478FC9}.Release|x64.ActiveCfg = Release|Any CPU
		{6D9FF2F2-73C0-48FD-A3BF-66157E478FC9}.Release|x64.Build.0 = Release|Any CPU
		{925FCE26-1086-4099-9EFE-520F1864A657}.Debug|Any CPU.ActiveCfg = Debug|Any CPU
		{925FCE26-1086-4099-9EFE-520F1864A657}.Debug|Any CPU.Build.0 = Debug|Any CPU
		{925FCE26-1086-4099-9EFE-520F1864A657}.Debug|x64.ActiveCfg = Debug|Any CPU
		{925FCE26-1086-4099-9EFE-520F1864A657}.Debug|x64.Build.0 = Debug|Any CPU
		{925FCE26-1086-4099-9EFE-520F1864A657}.Release|Any CPU.ActiveCfg = Release|Any CPU
		{925FCE26-1086-4099-9EFE-520F1864A657}.Release|Any CPU.Build.0 = Release|Any CPU
		{925FCE26-1086-4099-9EFE-520F1864A657}.Release|x64.ActiveCfg = Release|Any CPU
		{925FCE26-1086-4099-9EFE-520F1864A657}.Release|x64.Build.0 = Release|Any CPU
		{5AEB3301-DCF2-43B3-A447-24F4AF66F9FB}.Debug|Any CPU.ActiveCfg = Debug|Any CPU
		{5AEB3301-DCF2-43B3-A447-24F4AF66F9FB}.Debug|Any CPU.Build.0 = Debug|Any CPU
		{5AEB3301-DCF2-43B3-A447-24F4AF66F9FB}.Debug|x64.ActiveCfg = Debug|Any CPU
		{5AEB3301-DCF2-43B3-A447-24F4AF66F9FB}.Debug|x64.Build.0 = Debug|Any CPU
		{5AEB3301-DCF2-43B3-A447-24F4AF66F9FB}.Release|Any CPU.ActiveCfg = Release|Any CPU
		{5AEB3301-DCF2-43B3-A447-24F4AF66F9FB}.Release|Any CPU.Build.0 = Release|Any CPU
		{5AEB3301-DCF2-43B3-A447-24F4AF66F9FB}.Release|x64.ActiveCfg = Release|Any CPU
		{5AEB3301-DCF2-43B3-A447-24F4AF66F9FB}.Release|x64.Build.0 = Release|Any CPU
		{0E71AA3C-CBA3-4362-8807-BA02FD3E97FF}.Debug|Any CPU.ActiveCfg = Debug|Any CPU
		{0E71AA3C-CBA3-4362-8807-BA02FD3E97FF}.Debug|Any CPU.Build.0 = Debug|Any CPU
		{0E71AA3C-CBA3-4362-8807-BA02FD3E97FF}.Debug|x64.ActiveCfg = Debug|Any CPU
		{0E71AA3C-CBA3-4362-8807-BA02FD3E97FF}.Debug|x64.Build.0 = Debug|Any CPU
		{0E71AA3C-CBA3-4362-8807-BA02FD3E97FF}.Release|Any CPU.ActiveCfg = Release|Any CPU
		{0E71AA3C-CBA3-4362-8807-BA02FD3E97FF}.Release|Any CPU.Build.0 = Release|Any CPU
		{0E71AA3C-CBA3-4362-8807-BA02FD3E97FF}.Release|x64.ActiveCfg = Release|Any CPU
		{0E71AA3C-CBA3-4362-8807-BA02FD3E97FF}.Release|x64.Build.0 = Release|Any CPU
		{6F7DCF9D-A464-44BD-9DD1-4D941B5EB699}.Debug|Any CPU.ActiveCfg = Debug|Any CPU
		{6F7DCF9D-A464-44BD-9DD1-4D941B5EB699}.Debug|Any CPU.Build.0 = Debug|Any CPU
		{6F7DCF9D-A464-44BD-9DD1-4D941B5EB699}.Debug|x64.ActiveCfg = Debug|Any CPU
		{6F7DCF9D-A464-44BD-9DD1-4D941B5EB699}.Debug|x64.Build.0 = Debug|Any CPU
		{6F7DCF9D-A464-44BD-9DD1-4D941B5EB699}.Release|Any CPU.ActiveCfg = Release|Any CPU
		{6F7DCF9D-A464-44BD-9DD1-4D941B5EB699}.Release|Any CPU.Build.0 = Release|Any CPU
		{6F7DCF9D-A464-44BD-9DD1-4D941B5EB699}.Release|x64.ActiveCfg = Release|Any CPU
		{6F7DCF9D-A464-44BD-9DD1-4D941B5EB699}.Release|x64.Build.0 = Release|Any CPU
		{07913EEC-587B-4D3C-8302-E917EA746B74}.Debug|Any CPU.ActiveCfg = Debug|Any CPU
		{07913EEC-587B-4D3C-8302-E917EA746B74}.Debug|Any CPU.Build.0 = Debug|Any CPU
		{07913EEC-587B-4D3C-8302-E917EA746B74}.Debug|x64.ActiveCfg = Debug|Any CPU
		{07913EEC-587B-4D3C-8302-E917EA746B74}.Debug|x64.Build.0 = Debug|Any CPU
		{07913EEC-587B-4D3C-8302-E917EA746B74}.Release|Any CPU.ActiveCfg = Release|Any CPU
		{07913EEC-587B-4D3C-8302-E917EA746B74}.Release|Any CPU.Build.0 = Release|Any CPU
		{07913EEC-587B-4D3C-8302-E917EA746B74}.Release|x64.ActiveCfg = Release|Any CPU
		{07913EEC-587B-4D3C-8302-E917EA746B74}.Release|x64.Build.0 = Release|Any CPU
		{663173CA-8481-4E3E-9A32-0AFAE94FF413}.Debug|Any CPU.ActiveCfg = Debug|Any CPU
		{663173CA-8481-4E3E-9A32-0AFAE94FF413}.Debug|Any CPU.Build.0 = Debug|Any CPU
		{663173CA-8481-4E3E-9A32-0AFAE94FF413}.Debug|x64.ActiveCfg = Debug|Any CPU
		{663173CA-8481-4E3E-9A32-0AFAE94FF413}.Debug|x64.Build.0 = Debug|Any CPU
		{663173CA-8481-4E3E-9A32-0AFAE94FF413}.Release|Any CPU.ActiveCfg = Release|Any CPU
		{663173CA-8481-4E3E-9A32-0AFAE94FF413}.Release|Any CPU.Build.0 = Release|Any CPU
		{663173CA-8481-4E3E-9A32-0AFAE94FF413}.Release|x64.ActiveCfg = Release|Any CPU
		{663173CA-8481-4E3E-9A32-0AFAE94FF413}.Release|x64.Build.0 = Release|Any CPU
		{B2DF84C6-4234-4ED4-878A-8A003CB87B80}.Debug|Any CPU.ActiveCfg = Debug|Any CPU
		{B2DF84C6-4234-4ED4-878A-8A003CB87B80}.Debug|Any CPU.Build.0 = Debug|Any CPU
		{B2DF84C6-4234-4ED4-878A-8A003CB87B80}.Debug|x64.ActiveCfg = Debug|Any CPU
		{B2DF84C6-4234-4ED4-878A-8A003CB87B80}.Debug|x64.Build.0 = Debug|Any CPU
		{B2DF84C6-4234-4ED4-878A-8A003CB87B80}.Release|Any CPU.ActiveCfg = Release|Any CPU
		{B2DF84C6-4234-4ED4-878A-8A003CB87B80}.Release|Any CPU.Build.0 = Release|Any CPU
		{B2DF84C6-4234-4ED4-878A-8A003CB87B80}.Release|x64.ActiveCfg = Release|Any CPU
		{B2DF84C6-4234-4ED4-878A-8A003CB87B80}.Release|x64.Build.0 = Release|Any CPU
		{B3E55438-0F44-482D-ACE2-F526620B9197}.Debug|Any CPU.ActiveCfg = Debug|Any CPU
		{B3E55438-0F44-482D-ACE2-F526620B9197}.Debug|Any CPU.Build.0 = Debug|Any CPU
		{B3E55438-0F44-482D-ACE2-F526620B9197}.Debug|x64.ActiveCfg = Debug|Any CPU
		{B3E55438-0F44-482D-ACE2-F526620B9197}.Debug|x64.Build.0 = Debug|Any CPU
		{B3E55438-0F44-482D-ACE2-F526620B9197}.Release|Any CPU.ActiveCfg = Release|Any CPU
		{B3E55438-0F44-482D-ACE2-F526620B9197}.Release|Any CPU.Build.0 = Release|Any CPU
		{B3E55438-0F44-482D-ACE2-F526620B9197}.Release|x64.ActiveCfg = Release|Any CPU
		{B3E55438-0F44-482D-ACE2-F526620B9197}.Release|x64.Build.0 = Release|Any CPU
		{BF3413A4-0104-4C36-9B48-B0C22563D720}.Debug|Any CPU.ActiveCfg = Debug|Any CPU
		{BF3413A4-0104-4C36-9B48-B0C22563D720}.Debug|Any CPU.Build.0 = Debug|Any CPU
		{BF3413A4-0104-4C36-9B48-B0C22563D720}.Debug|x64.ActiveCfg = Debug|Any CPU
		{BF3413A4-0104-4C36-9B48-B0C22563D720}.Debug|x64.Build.0 = Debug|Any CPU
		{BF3413A4-0104-4C36-9B48-B0C22563D720}.Release|Any CPU.ActiveCfg = Release|Any CPU
		{BF3413A4-0104-4C36-9B48-B0C22563D720}.Release|Any CPU.Build.0 = Release|Any CPU
		{BF3413A4-0104-4C36-9B48-B0C22563D720}.Release|x64.ActiveCfg = Release|Any CPU
		{BF3413A4-0104-4C36-9B48-B0C22563D720}.Release|x64.Build.0 = Release|Any CPU
	EndGlobalSection
	GlobalSection(SolutionProperties) = preSolution
		HideSolutionNode = FALSE
	EndGlobalSection
	GlobalSection(NestedProjects) = preSolution
		{E6BC2A63-49C1-4102-8F88-9E674AA22DE6} = {9786CD59-7433-44BF-B81D-3645A2AEB011}
		{51418814-5480-43C8-AD08-E748119E2545} = {9786CD59-7433-44BF-B81D-3645A2AEB011}
		{89579AD7-6BE3-4B4C-9EBE-4BB10D01646C} = {D458F396-0D6C-480E-B9E7-0286C993DFF0}
		{278E87C6-EE8E-41FF-AC04-61A29E69C855} = {D458F396-0D6C-480E-B9E7-0286C993DFF0}
		{F31ACEDD-E3E9-4A85-878A-9A9E2849D0CF} = {E6BC2A63-49C1-4102-8F88-9E674AA22DE6}
		{3D6E16AE-67C3-44F3-8E3C-7155BD5A18DE} = {51418814-5480-43C8-AD08-E748119E2545}
		{479408DA-5CD9-478E-A232-E8B6FB0D1D3A} = {2F0A21D6-7418-4ABB-BB67-33AE887342FF}
		{047E2236-C49A-4160-A039-647DE14D6673} = {35349DA7-5230-4D08-9994-E72E62557D0E}
		{E812C9E2-C220-475A-A34E-FFA12177C9FB} = {51418814-5480-43C8-AD08-E748119E2545}
		{BBA155DE-9CF5-4813-BD56-FBA5F5099F46} = {0C247FF1-9D9F-4141-A3D7-5E179ABDE186}
		{B609D99F-292A-4BE9-95A4-7FCE9F496FC8} = {625747E0-E379-4F23-A26E-27DE0F40E206}
		{3C8E8066-702C-48FB-A1B5-54A8A3FCCB35} = {51418814-5480-43C8-AD08-E748119E2545}
		{D458F396-0D6C-480E-B9E7-0286C993DFF0} = {9786CD59-7433-44BF-B81D-3645A2AEB011}
		{2F0A21D6-7418-4ABB-BB67-33AE887342FF} = {9786CD59-7433-44BF-B81D-3645A2AEB011}
		{72758DD9-0435-444A-9B65-8AD7C96BC026} = {B405EE67-7C0D-416D-AC7C-29A37E350528}
		{35349DA7-5230-4D08-9994-E72E62557D0E} = {9786CD59-7433-44BF-B81D-3645A2AEB011}
		{625747E0-E379-4F23-A26E-27DE0F40E206} = {35349DA7-5230-4D08-9994-E72E62557D0E}
		{B405EE67-7C0D-416D-AC7C-29A37E350528} = {35349DA7-5230-4D08-9994-E72E62557D0E}
		{5C01B690-3A2F-4BC3-8D51-B36D6658CC24} = {51418814-5480-43C8-AD08-E748119E2545}
		{0C247FF1-9D9F-4141-A3D7-5E179ABDE186} = {2F0A21D6-7418-4ABB-BB67-33AE887342FF}
		{6D9FF2F2-73C0-48FD-A3BF-66157E478FC9} = {35349DA7-5230-4D08-9994-E72E62557D0E}
		{925FCE26-1086-4099-9EFE-520F1864A657} = {35349DA7-5230-4D08-9994-E72E62557D0E}
		{A66F47EE-33CE-4A8A-B336-7CF75AB94665} = {2F0A21D6-7418-4ABB-BB67-33AE887342FF}
		{5AEB3301-DCF2-43B3-A447-24F4AF66F9FB} = {A66F47EE-33CE-4A8A-B336-7CF75AB94665}
		{0E71AA3C-CBA3-4362-8807-BA02FD3E97FF} = {51418814-5480-43C8-AD08-E748119E2545}
		{6F7DCF9D-A464-44BD-9DD1-4D941B5EB699} = {35349DA7-5230-4D08-9994-E72E62557D0E}
		{07913EEC-587B-4D3C-8302-E917EA746B74} = {35349DA7-5230-4D08-9994-E72E62557D0E}
		{663173CA-8481-4E3E-9A32-0AFAE94FF413} = {625747E0-E379-4F23-A26E-27DE0F40E206}
		{B2DF84C6-4234-4ED4-878A-8A003CB87B80} = {D458F396-0D6C-480E-B9E7-0286C993DFF0}
		{B3E55438-0F44-482D-ACE2-F526620B9197} = {0C247FF1-9D9F-4141-A3D7-5E179ABDE186}
		{BF3413A4-0104-4C36-9B48-B0C22563D720} = {35349DA7-5230-4D08-9994-E72E62557D0E}
	EndGlobalSection
	GlobalSection(ExtensibilityGlobals) = postSolution
		SolutionGuid = {666B230A-1B30-4B4D-B6E5-48D3BE37B5D4}
	EndGlobalSection
EndGlobal
